
Microsoft Visual Studio Solution File, Format Version 12.00
# Visual Studio Version 17
VisualStudioVersion = 17.3.32901.215
MinimumVisualStudioVersion = 10.0.40219.1
Project("{FAE04EC0-301F-11D3-BF4B-00C04F79EFBC}") = "DataBaseTasks", "DataBaseTasks\DataBaseTasks.csproj", "{51C17016-D2C0-46AC-9E61-2B181720E560}"
EndProject
Global
	GlobalSection(SolutionConfigurationPlatforms) = preSolution
		Debug|Any CPU = Debug|Any CPU
		Release|Any CPU = Release|Any CPU
	EndGlobalSection
	GlobalSection(ProjectConfigurationPlatforms) = postSolution
		{51C17016-D2C0-46AC-9E61-2B181720E560}.Debug|Any CPU.ActiveCfg = Debug|Any CPU
		{51C17016-D2C0-46AC-9E61-2B181720E560}.Debug|Any CPU.Build.0 = Debug|Any CPU
		{51C17016-D2C0-46AC-9E61-2B181720E560}.Release|Any CPU.ActiveCfg = Release|Any CPU
		{51C17016-D2C0-46AC-9E61-2B181720E560}.Release|Any CPU.Build.0 = Release|Any CPU
	EndGlobalSection
	GlobalSection(SolutionProperties) = preSolution
		HideSolutionNode = FALSE
	EndGlobalSection
	GlobalSection(ExtensibilityGlobals) = postSolution
		SolutionGuid = {27EFD110-B587-4D70-B4E6-0CD9F36EB2C2}
	EndGlobalSection
EndGlobal
